
Microsoft Visual Studio Solution File, Format Version 12.00
# Visual Studio 15
VisualStudioVersion = 15.0.28010.2050
MinimumVisualStudioVersion = 10.0.40219.1
Project("{2150E333-8FDC-42A3-9474-1A3956D46DE8}") = "App", "App", "{666A2F90-E98F-4333-BD54-1B8F6F977A84}"
EndProject
Project("{2150E333-8FDC-42A3-9474-1A3956D46DE8}") = "Core", "Core", "{7EEF4D17-5B73-4A90-8BC6-B1FCE87533F5}"
EndProject
Project("{9A19103F-16F7-4668-BE54-9A1E7A4F7556}") = "Solution.App.Application", "App\Application\Solution.App.Application.csproj", "{C4E57A11-F19D-4307-BCDA-06A9FE8471B7}"
EndProject
Project("{9A19103F-16F7-4668-BE54-9A1E7A4F7556}") = "Solution.App.CrossCutting", "App\CrossCutting\Solution.App.CrossCutting.csproj", "{8F0642F3-3A93-4968-A806-AFE52E6306E6}"
EndProject
Project("{9A19103F-16F7-4668-BE54-9A1E7A4F7556}") = "Solution.App.Database", "App\Database\Solution.App.Database.csproj", "{7193C93A-92A7-4765-AD92-EF266F751268}"
EndProject
Project("{9A19103F-16F7-4668-BE54-9A1E7A4F7556}") = "Solution.App.Domain", "App\Domain\Solution.App.Domain.csproj", "{95727A0D-B028-499B-8129-41EE475864DA}"
EndProject
Project("{9A19103F-16F7-4668-BE54-9A1E7A4F7556}") = "Solution.App.IoC", "App\IoC\Solution.App.IoC.csproj", "{1C5DCB31-85B4-46E1-8378-47B56154DC87}"
EndProject
Project("{9A19103F-16F7-4668-BE54-9A1E7A4F7556}") = "Solution.App.Model", "App\Model\Solution.App.Model.csproj", "{2900CE5F-CA15-467E-8B4E-9D792239CD5E}"
EndProject
Project("{9A19103F-16F7-4668-BE54-9A1E7A4F7556}") = "Solution.App.Web", "App\Web\Solution.App.Web.csproj", "{7BF62C8D-2AB1-48F2-A0BE-8FE2AB19F858}"
EndProject
Project("{9A19103F-16F7-4668-BE54-9A1E7A4F7556}") = "Solution.Core.AspNetCore", "Core\AspNetCore\Solution.Core.AspNetCore.csproj", "{DA57E896-CA69-4BE5-B7BB-D4EF3E3F0B72}"
EndProject
Project("{9A19103F-16F7-4668-BE54-9A1E7A4F7556}") = "Solution.Core.Databases", "Core\Databases\Solution.Core.Databases.csproj", "{D0DCEC04-7867-45CC-8507-D2867368F4D2}"
EndProject
Project("{9A19103F-16F7-4668-BE54-9A1E7A4F7556}") = "Solution.Core.EntityFrameworkCore", "Core\EntityFrameworkCore\Solution.Core.EntityFrameworkCore.csproj", "{D298B566-E53F-4660-9C2E-4F5955BBBB85}"
EndProject
Project("{9A19103F-16F7-4668-BE54-9A1E7A4F7556}") = "Solution.Core.EntityFrameworkCore.Tests", "Core\EntityFrameworkCore.Tests\Solution.Core.EntityFrameworkCore.Tests.csproj", "{34D8CE5F-C3F3-4400-92E0-339B4C56C70D}"
EndProject
Project("{9A19103F-16F7-4668-BE54-9A1E7A4F7556}") = "Solution.Core.Extensions", "Core\Extensions\Solution.Core.Extensions.csproj", "{8AC5D77E-2D87-45C2-B211-BDCBDC889107}"
EndProject
Project("{9A19103F-16F7-4668-BE54-9A1E7A4F7556}") = "Solution.Core.Logging", "Core\Logging\Solution.Core.Logging.csproj", "{4BCEA7B7-0EC0-4652-A5D2-A2748E3ADDEB}"
EndProject
Project("{9A19103F-16F7-4668-BE54-9A1E7A4F7556}") = "Solution.Core.Mapping", "Core\Mapping\Solution.Core.Mapping.csproj", "{CEE05CAC-21F9-4366-9A5B-B70632F93A76}"
EndProject
Project("{9A19103F-16F7-4668-BE54-9A1E7A4F7556}") = "Solution.Core.MongoDB", "Core\MongoDB\Solution.Core.MongoDB.csproj", "{A75381F9-C84F-442D-A697-E89FCAEB5BB9}"
EndProject
Project("{9A19103F-16F7-4668-BE54-9A1E7A4F7556}") = "Solution.Core.MongoDB.Tests", "Core\MongoDB.Tests\Solution.Core.MongoDB.Tests.csproj", "{9B5963EE-E536-4E2E-9C8A-30F20BF2D4F2}"
EndProject
Project("{9A19103F-16F7-4668-BE54-9A1E7A4F7556}") = "Solution.Core.Objects", "Core\Objects\Solution.Core.Objects.csproj", "{3B354CC7-F4BF-4C9C-8C35-7DB71929816F}"
EndProject
Project("{9A19103F-16F7-4668-BE54-9A1E7A4F7556}") = "Solution.Core.Security", "Core\Security\Solution.Core.Security.csproj", "{94B4EA8E-83C5-4B5F-BAA9-C15645FB9568}"
EndProject
Project("{9A19103F-16F7-4668-BE54-9A1E7A4F7556}") = "Solution.Core.Validation", "Core\Validation\Solution.Core.Validation.csproj", "{CAA80A22-728D-4736-B1A3-560AB75E410D}"
EndProject
Global
	GlobalSection(SolutionConfigurationPlatforms) = preSolution
		Debug|Any CPU = Debug|Any CPU
		Release|Any CPU = Release|Any CPU
	EndGlobalSection
	GlobalSection(ProjectConfigurationPlatforms) = postSolution
		{1C5DCB31-85B4-46E1-8378-47B56154DC87}.Debug|Any CPU.ActiveCfg = Debug|Any CPU
		{1C5DCB31-85B4-46E1-8378-47B56154DC87}.Debug|Any CPU.Build.0 = Debug|Any CPU
		{1C5DCB31-85B4-46E1-8378-47B56154DC87}.Release|Any CPU.ActiveCfg = Release|Any CPU
		{1C5DCB31-85B4-46E1-8378-47B56154DC87}.Release|Any CPU.Build.0 = Release|Any CPU
		{2900CE5F-CA15-467E-8B4E-9D792239CD5E}.Debug|Any CPU.ActiveCfg = Debug|Any CPU
		{2900CE5F-CA15-467E-8B4E-9D792239CD5E}.Debug|Any CPU.Build.0 = Debug|Any CPU
		{2900CE5F-CA15-467E-8B4E-9D792239CD5E}.Release|Any CPU.ActiveCfg = Release|Any CPU
		{2900CE5F-CA15-467E-8B4E-9D792239CD5E}.Release|Any CPU.Build.0 = Release|Any CPU
		{34D8CE5F-C3F3-4400-92E0-339B4C56C70D}.Debug|Any CPU.ActiveCfg = Debug|Any CPU
		{34D8CE5F-C3F3-4400-92E0-339B4C56C70D}.Debug|Any CPU.Build.0 = Debug|Any CPU
		{34D8CE5F-C3F3-4400-92E0-339B4C56C70D}.Release|Any CPU.ActiveCfg = Release|Any CPU
		{34D8CE5F-C3F3-4400-92E0-339B4C56C70D}.Release|Any CPU.Build.0 = Release|Any CPU
		{3B354CC7-F4BF-4C9C-8C35-7DB71929816F}.Debug|Any CPU.ActiveCfg = Debug|Any CPU
		{3B354CC7-F4BF-4C9C-8C35-7DB71929816F}.Debug|Any CPU.Build.0 = Debug|Any CPU
		{3B354CC7-F4BF-4C9C-8C35-7DB71929816F}.Release|Any CPU.ActiveCfg = Release|Any CPU
		{3B354CC7-F4BF-4C9C-8C35-7DB71929816F}.Release|Any CPU.Build.0 = Release|Any CPU
		{4BCEA7B7-0EC0-4652-A5D2-A2748E3ADDEB}.Debug|Any CPU.ActiveCfg = Debug|Any CPU
		{4BCEA7B7-0EC0-4652-A5D2-A2748E3ADDEB}.Debug|Any CPU.Build.0 = Debug|Any CPU
		{4BCEA7B7-0EC0-4652-A5D2-A2748E3ADDEB}.Release|Any CPU.ActiveCfg = Release|Any CPU
		{4BCEA7B7-0EC0-4652-A5D2-A2748E3ADDEB}.Release|Any CPU.Build.0 = Release|Any CPU
		{7193C93A-92A7-4765-AD92-EF266F751268}.Debug|Any CPU.ActiveCfg = Debug|Any CPU
		{7193C93A-92A7-4765-AD92-EF266F751268}.Debug|Any CPU.Build.0 = Debug|Any CPU
		{7193C93A-92A7-4765-AD92-EF266F751268}.Release|Any CPU.ActiveCfg = Release|Any CPU
		{7193C93A-92A7-4765-AD92-EF266F751268}.Release|Any CPU.Build.0 = Release|Any CPU
		{7BF62C8D-2AB1-48F2-A0BE-8FE2AB19F858}.Debug|Any CPU.ActiveCfg = Debug|Any CPU
		{7BF62C8D-2AB1-48F2-A0BE-8FE2AB19F858}.Debug|Any CPU.Build.0 = Debug|Any CPU
		{7BF62C8D-2AB1-48F2-A0BE-8FE2AB19F858}.Release|Any CPU.ActiveCfg = Release|Any CPU
		{7BF62C8D-2AB1-48F2-A0BE-8FE2AB19F858}.Release|Any CPU.Build.0 = Release|Any CPU
		{8AC5D77E-2D87-45C2-B211-BDCBDC889107}.Debug|Any CPU.ActiveCfg = Debug|Any CPU
		{8AC5D77E-2D87-45C2-B211-BDCBDC889107}.Debug|Any CPU.Build.0 = Debug|Any CPU
		{8AC5D77E-2D87-45C2-B211-BDCBDC889107}.Release|Any CPU.ActiveCfg = Release|Any CPU
		{8AC5D77E-2D87-45C2-B211-BDCBDC889107}.Release|Any CPU.Build.0 = Release|Any CPU
		{8F0642F3-3A93-4968-A806-AFE52E6306E6}.Debug|Any CPU.ActiveCfg = Debug|Any CPU
		{8F0642F3-3A93-4968-A806-AFE52E6306E6}.Debug|Any CPU.Build.0 = Debug|Any CPU
		{8F0642F3-3A93-4968-A806-AFE52E6306E6}.Release|Any CPU.ActiveCfg = Release|Any CPU
		{8F0642F3-3A93-4968-A806-AFE52E6306E6}.Release|Any CPU.Build.0 = Release|Any CPU
		{94B4EA8E-83C5-4B5F-BAA9-C15645FB9568}.Debug|Any CPU.ActiveCfg = Debug|Any CPU
		{94B4EA8E-83C5-4B5F-BAA9-C15645FB9568}.Debug|Any CPU.Build.0 = Debug|Any CPU
		{94B4EA8E-83C5-4B5F-BAA9-C15645FB9568}.Release|Any CPU.ActiveCfg = Release|Any CPU
		{94B4EA8E-83C5-4B5F-BAA9-C15645FB9568}.Release|Any CPU.Build.0 = Release|Any CPU
		{95727A0D-B028-499B-8129-41EE475864DA}.Debug|Any CPU.ActiveCfg = Debug|Any CPU
		{95727A0D-B028-499B-8129-41EE475864DA}.Debug|Any CPU.Build.0 = Debug|Any CPU
		{95727A0D-B028-499B-8129-41EE475864DA}.Release|Any CPU.ActiveCfg = Release|Any CPU
		{95727A0D-B028-499B-8129-41EE475864DA}.Release|Any CPU.Build.0 = Release|Any CPU
		{9B5963EE-E536-4E2E-9C8A-30F20BF2D4F2}.Debug|Any CPU.ActiveCfg = Debug|Any CPU
		{9B5963EE-E536-4E2E-9C8A-30F20BF2D4F2}.Debug|Any CPU.Build.0 = Debug|Any CPU
		{9B5963EE-E536-4E2E-9C8A-30F20BF2D4F2}.Release|Any CPU.ActiveCfg = Release|Any CPU
		{9B5963EE-E536-4E2E-9C8A-30F20BF2D4F2}.Release|Any CPU.Build.0 = Release|Any CPU
		{A75381F9-C84F-442D-A697-E89FCAEB5BB9}.Debug|Any CPU.ActiveCfg = Debug|Any CPU
		{A75381F9-C84F-442D-A697-E89FCAEB5BB9}.Debug|Any CPU.Build.0 = Debug|Any CPU
		{A75381F9-C84F-442D-A697-E89FCAEB5BB9}.Release|Any CPU.ActiveCfg = Release|Any CPU
		{A75381F9-C84F-442D-A697-E89FCAEB5BB9}.Release|Any CPU.Build.0 = Release|Any CPU
		{C4E57A11-F19D-4307-BCDA-06A9FE8471B7}.Debug|Any CPU.ActiveCfg = Debug|Any CPU
		{C4E57A11-F19D-4307-BCDA-06A9FE8471B7}.Debug|Any CPU.Build.0 = Debug|Any CPU
		{C4E57A11-F19D-4307-BCDA-06A9FE8471B7}.Release|Any CPU.ActiveCfg = Release|Any CPU
		{C4E57A11-F19D-4307-BCDA-06A9FE8471B7}.Release|Any CPU.Build.0 = Release|Any CPU
		{CAA80A22-728D-4736-B1A3-560AB75E410D}.Debug|Any CPU.ActiveCfg = Debug|Any CPU
		{CAA80A22-728D-4736-B1A3-560AB75E410D}.Debug|Any CPU.Build.0 = Debug|Any CPU
		{CAA80A22-728D-4736-B1A3-560AB75E410D}.Release|Any CPU.ActiveCfg = Release|Any CPU
		{CAA80A22-728D-4736-B1A3-560AB75E410D}.Release|Any CPU.Build.0 = Release|Any CPU
		{CEE05CAC-21F9-4366-9A5B-B70632F93A76}.Debug|Any CPU.ActiveCfg = Debug|Any CPU
		{CEE05CAC-21F9-4366-9A5B-B70632F93A76}.Debug|Any CPU.Build.0 = Debug|Any CPU
		{CEE05CAC-21F9-4366-9A5B-B70632F93A76}.Release|Any CPU.ActiveCfg = Release|Any CPU
		{CEE05CAC-21F9-4366-9A5B-B70632F93A76}.Release|Any CPU.Build.0 = Release|Any CPU
		{D0DCEC04-7867-45CC-8507-D2867368F4D2}.Debug|Any CPU.ActiveCfg = Debug|Any CPU
		{D0DCEC04-7867-45CC-8507-D2867368F4D2}.Debug|Any CPU.Build.0 = Debug|Any CPU
		{D0DCEC04-7867-45CC-8507-D2867368F4D2}.Release|Any CPU.ActiveCfg = Release|Any CPU
		{D0DCEC04-7867-45CC-8507-D2867368F4D2}.Release|Any CPU.Build.0 = Release|Any CPU
		{D298B566-E53F-4660-9C2E-4F5955BBBB85}.Debug|Any CPU.ActiveCfg = Debug|Any CPU
		{D298B566-E53F-4660-9C2E-4F5955BBBB85}.Debug|Any CPU.Build.0 = Debug|Any CPU
		{D298B566-E53F-4660-9C2E-4F5955BBBB85}.Release|Any CPU.ActiveCfg = Release|Any CPU
		{D298B566-E53F-4660-9C2E-4F5955BBBB85}.Release|Any CPU.Build.0 = Release|Any CPU
		{DA57E896-CA69-4BE5-B7BB-D4EF3E3F0B72}.Debug|Any CPU.ActiveCfg = Debug|Any CPU
		{DA57E896-CA69-4BE5-B7BB-D4EF3E3F0B72}.Debug|Any CPU.Build.0 = Debug|Any CPU
		{DA57E896-CA69-4BE5-B7BB-D4EF3E3F0B72}.Release|Any CPU.ActiveCfg = Release|Any CPU
		{DA57E896-CA69-4BE5-B7BB-D4EF3E3F0B72}.Release|Any CPU.Build.0 = Release|Any CPU
	EndGlobalSection
	GlobalSection(SolutionProperties) = preSolution
		HideSolutionNode = FALSE
	EndGlobalSection
	GlobalSection(NestedProjects) = preSolution
		{1C5DCB31-85B4-46E1-8378-47B56154DC87} = {666A2F90-E98F-4333-BD54-1B8F6F977A84}
		{2900CE5F-CA15-467E-8B4E-9D792239CD5E} = {666A2F90-E98F-4333-BD54-1B8F6F977A84}
		{34D8CE5F-C3F3-4400-92E0-339B4C56C70D} = {7EEF4D17-5B73-4A90-8BC6-B1FCE87533F5}
		{3B354CC7-F4BF-4C9C-8C35-7DB71929816F} = {7EEF4D17-5B73-4A90-8BC6-B1FCE87533F5}
		{4BCEA7B7-0EC0-4652-A5D2-A2748E3ADDEB} = {7EEF4D17-5B73-4A90-8BC6-B1FCE87533F5}
		{7193C93A-92A7-4765-AD92-EF266F751268} = {666A2F90-E98F-4333-BD54-1B8F6F977A84}
		{7BF62C8D-2AB1-48F2-A0BE-8FE2AB19F858} = {666A2F90-E98F-4333-BD54-1B8F6F977A84}
		{8AC5D77E-2D87-45C2-B211-BDCBDC889107} = {7EEF4D17-5B73-4A90-8BC6-B1FCE87533F5}
		{8F0642F3-3A93-4968-A806-AFE52E6306E6} = {666A2F90-E98F-4333-BD54-1B8F6F977A84}
		{94B4EA8E-83C5-4B5F-BAA9-C15645FB9568} = {7EEF4D17-5B73-4A90-8BC6-B1FCE87533F5}
		{95727A0D-B028-499B-8129-41EE475864DA} = {666A2F90-E98F-4333-BD54-1B8F6F977A84}
		{9B5963EE-E536-4E2E-9C8A-30F20BF2D4F2} = {7EEF4D17-5B73-4A90-8BC6-B1FCE87533F5}
		{A75381F9-C84F-442D-A697-E89FCAEB5BB9} = {7EEF4D17-5B73-4A90-8BC6-B1FCE87533F5}
		{C4E57A11-F19D-4307-BCDA-06A9FE8471B7} = {666A2F90-E98F-4333-BD54-1B8F6F977A84}
		{CAA80A22-728D-4736-B1A3-560AB75E410D} = {7EEF4D17-5B73-4A90-8BC6-B1FCE87533F5}
		{CEE05CAC-21F9-4366-9A5B-B70632F93A76} = {7EEF4D17-5B73-4A90-8BC6-B1FCE87533F5}
		{D0DCEC04-7867-45CC-8507-D2867368F4D2} = {7EEF4D17-5B73-4A90-8BC6-B1FCE87533F5}
		{D298B566-E53F-4660-9C2E-4F5955BBBB85} = {7EEF4D17-5B73-4A90-8BC6-B1FCE87533F5}
		{DA57E896-CA69-4BE5-B7BB-D4EF3E3F0B72} = {7EEF4D17-5B73-4A90-8BC6-B1FCE87533F5}
	EndGlobalSection
	GlobalSection(ExtensibilityGlobals) = postSolution
		SolutionGuid = {A322A354-C951-4270-A829-A5BD81ED4AB0}
	EndGlobalSection
EndGlobal
